
Microsoft Visual Studio Solution File, Format Version 12.00
# Visual Studio Version 16
VisualStudioVersion = 16.0.29318.209
MinimumVisualStudioVersion = 10.0.40219.1
Project("{FAE04EC0-301F-11D3-BF4B-00C04F79EFBC}") = "Comfort", "Comfort\Comfort.csproj", "{D8B03732-70A5-407B-B3CD-EDEBDC54FBE0}"
EndProject
Global
	GlobalSection(SolutionConfigurationPlatforms) = preSolution
		Debug|Any CPU = Debug|Any CPU
		Release|Any CPU = Release|Any CPU
	EndGlobalSection
	GlobalSection(ProjectConfigurationPlatforms) = postSolution
		{D8B03732-70A5-407B-B3CD-EDEBDC54FBE0}.Debug|Any CPU.ActiveCfg = Debug|Any CPU
		{D8B03732-70A5-407B-B3CD-EDEBDC54FBE0}.Debug|Any CPU.Build.0 = Debug|Any CPU
		{D8B03732-70A5-407B-B3CD-EDEBDC54FBE0}.Release|Any CPU.ActiveCfg = Release|Any CPU
		{D8B03732-70A5-407B-B3CD-EDEBDC54FBE0}.Release|Any CPU.Build.0 = Release|Any CPU
	EndGlobalSection
	GlobalSection(SolutionProperties) = preSolution
		HideSolutionNode = FALSE
	EndGlobalSection
	GlobalSection(ExtensibilityGlobals) = postSolution
		SolutionGuid = {5B62B4F2-42C1-44DB-9687-6A1C8E63F83D}
	EndGlobalSection
EndGlobal
